
Microsoft Visual Studio Solution File, Format Version 12.00
# Visual Studio Version 17
VisualStudioVersion = 17.4.33213.308
MinimumVisualStudioVersion = 10.0.40219.1
Project("{FAE04EC0-301F-11D3-BF4B-00C04F79EFBC}") = "Lab05.GUI", "Lab05.GUI\Lab05.GUI.csproj", "{83C8ECC7-1FF5-4E62-9ECF-D97B7A9DA623}"
EndProject
Project("{FAE04EC0-301F-11D3-BF4B-00C04F79EFBC}") = "Lab05.DAL", "Lab05.DAL\Lab05.DAL.csproj", "{71590956-B805-4242-AB86-CD63D2FBF2DE}"
EndProject
Project("{FAE04EC0-301F-11D3-BF4B-00C04F79EFBC}") = "Lab05.BUS", "Lab05.BUS\Lab05.BUS.csproj", "{B1C05319-9B05-4171-93BE-EE2F01101A16}"
EndProject
Global
	GlobalSection(SolutionConfigurationPlatforms) = preSolution
		Debug|Any CPU = Debug|Any CPU
		Release|Any CPU = Release|Any CPU
	EndGlobalSection
	GlobalSection(ProjectConfigurationPlatforms) = postSolution
		{83C8ECC7-1FF5-4E62-9ECF-D97B7A9DA623}.Debug|Any CPU.ActiveCfg = Debug|Any CPU
		{83C8ECC7-1FF5-4E62-9ECF-D97B7A9DA623}.Debug|Any CPU.Build.0 = Debug|Any CPU
		{83C8ECC7-1FF5-4E62-9ECF-D97B7A9DA623}.Release|Any CPU.ActiveCfg = Release|Any CPU
		{83C8ECC7-1FF5-4E62-9ECF-D97B7A9DA623}.Release|Any CPU.Build.0 = Release|Any CPU
		{71590956-B805-4242-AB86-CD63D2FBF2DE}.Debug|Any CPU.ActiveCfg = Debug|Any CPU
		{71590956-B805-4242-AB86-CD63D2FBF2DE}.Debug|Any CPU.Build.0 = Debug|Any CPU
		{71590956-B805-4242-AB86-CD63D2FBF2DE}.Release|Any CPU.ActiveCfg = Release|Any CPU
		{71590956-B805-4242-AB86-CD63D2FBF2DE}.Release|Any CPU.Build.0 = Release|Any CPU
		{B1C05319-9B05-4171-93BE-EE2F01101A16}.Debug|Any CPU.ActiveCfg = Debug|Any CPU
		{B1C05319-9B05-4171-93BE-EE2F01101A16}.Debug|Any CPU.Build.0 = Debug|Any CPU
		{B1C05319-9B05-4171-93BE-EE2F01101A16}.Release|Any CPU.ActiveCfg = Release|Any CPU
		{B1C05319-9B05-4171-93BE-EE2F01101A16}.Release|Any CPU.Build.0 = Release|Any CPU
	EndGlobalSection
	GlobalSection(SolutionProperties) = preSolution
		HideSolutionNode = FALSE
	EndGlobalSection
	GlobalSection(ExtensibilityGlobals) = postSolution
		SolutionGuid = {B3EDBC2F-8351-4BF1-8F00-C11609827429}
	EndGlobalSection
EndGlobal
